
Microsoft Visual Studio Solution File, Format Version 12.00
# Visual Studio Version 17
VisualStudioVersion = 17.9.34728.123
MinimumVisualStudioVersion = 10.0.40219.1
Project("{9A19103F-16F7-4668-BE54-9A1E7A4F7556}") = "Tarea4.Api", "Tarea4.Api\Tarea4.Api.csproj", "{E29B103A-5550-4DFD-B45B-832AC72960D2}"
EndProject
Project("{FAE04EC0-301F-11D3-BF4B-00C04F79EFBC}") = "Tarea4.BC", "Tarea4.BC\Tarea4.BC.csproj", "{1F265B31-3D08-41C9-8655-B568D8DAA0B6}"
EndProject
Project("{FAE04EC0-301F-11D3-BF4B-00C04F79EFBC}") = "Tarea4.BW", "Tarea4.BW\Tarea4.BW.csproj", "{F1586012-E6CB-4E30-97B9-9D2A4721779A}"
EndProject
Project("{FAE04EC0-301F-11D3-BF4B-00C04F79EFBC}") = "Tarea4.DA", "Tarea4.DA\Tarea4.DA.csproj", "{E1FB2E37-817F-4BFF-A86D-9196516645C0}"
EndProject
Project("{FAE04EC0-301F-11D3-BF4B-00C04F79EFBC}") = "Tarea4.SG", "Tarea4.SG\Tarea4.SG.csproj", "{FF849223-7749-442D-8A53-E87AF44BB871}"
EndProject
Global
	GlobalSection(SolutionConfigurationPlatforms) = preSolution
		Debug|Any CPU = Debug|Any CPU
		Release|Any CPU = Release|Any CPU
	EndGlobalSection
	GlobalSection(ProjectConfigurationPlatforms) = postSolution
		{E29B103A-5550-4DFD-B45B-832AC72960D2}.Debug|Any CPU.ActiveCfg = Debug|Any CPU
		{E29B103A-5550-4DFD-B45B-832AC72960D2}.Debug|Any CPU.Build.0 = Debug|Any CPU
		{E29B103A-5550-4DFD-B45B-832AC72960D2}.Release|Any CPU.ActiveCfg = Release|Any CPU
		{E29B103A-5550-4DFD-B45B-832AC72960D2}.Release|Any CPU.Build.0 = Release|Any CPU
		{1F265B31-3D08-41C9-8655-B568D8DAA0B6}.Debug|Any CPU.ActiveCfg = Debug|Any CPU
		{1F265B31-3D08-41C9-8655-B568D8DAA0B6}.Debug|Any CPU.Build.0 = Debug|Any CPU
		{1F265B31-3D08-41C9-8655-B568D8DAA0B6}.Release|Any CPU.ActiveCfg = Release|Any CPU
		{1F265B31-3D08-41C9-8655-B568D8DAA0B6}.Release|Any CPU.Build.0 = Release|Any CPU
		{F1586012-E6CB-4E30-97B9-9D2A4721779A}.Debug|Any CPU.ActiveCfg = Debug|Any CPU
		{F1586012-E6CB-4E30-97B9-9D2A4721779A}.Debug|Any CPU.Build.0 = Debug|Any CPU
		{F1586012-E6CB-4E30-97B9-9D2A4721779A}.Release|Any CPU.ActiveCfg = Release|Any CPU
		{F1586012-E6CB-4E30-97B9-9D2A4721779A}.Release|Any CPU.Build.0 = Release|Any CPU
		{E1FB2E37-817F-4BFF-A86D-9196516645C0}.Debug|Any CPU.ActiveCfg = Debug|Any CPU
		{E1FB2E37-817F-4BFF-A86D-9196516645C0}.Debug|Any CPU.Build.0 = Debug|Any CPU
		{E1FB2E37-817F-4BFF-A86D-9196516645C0}.Release|Any CPU.ActiveCfg = Release|Any CPU
		{E1FB2E37-817F-4BFF-A86D-9196516645C0}.Release|Any CPU.Build.0 = Release|Any CPU
		{FF849223-7749-442D-8A53-E87AF44BB871}.Debug|Any CPU.ActiveCfg = Debug|Any CPU
		{FF849223-7749-442D-8A53-E87AF44BB871}.Debug|Any CPU.Build.0 = Debug|Any CPU
		{FF849223-7749-442D-8A53-E87AF44BB871}.Release|Any CPU.ActiveCfg = Release|Any CPU
		{FF849223-7749-442D-8A53-E87AF44BB871}.Release|Any CPU.Build.0 = Release|Any CPU
	EndGlobalSection
	GlobalSection(SolutionProperties) = preSolution
		HideSolutionNode = FALSE
	EndGlobalSection
	GlobalSection(ExtensibilityGlobals) = postSolution
		SolutionGuid = {39C724AB-5ABE-4193-B5EC-7BDF2249D54B}
	EndGlobalSection
EndGlobal
